
Microsoft Visual Studio Solution File, Format Version 12.00
# Visual Studio 15
VisualStudioVersion = 15.0.28307.136
MinimumVisualStudioVersion = 10.0.40219.1
Project("{FAE04EC0-301F-11D3-BF4B-00C04F79EFBC}") = "fx2sharp", "fx2sharp\fx2sharp.csproj", "{C629F22F-2110-460D-A8E0-ADEEACE0CEEF}"
EndProject
Global
	GlobalSection(SolutionConfigurationPlatforms) = preSolution
		Debug|Any CPU = Debug|Any CPU
		Release|Any CPU = Release|Any CPU
	EndGlobalSection
	GlobalSection(ProjectConfigurationPlatforms) = postSolution
		{C629F22F-2110-460D-A8E0-ADEEACE0CEEF}.Debug|Any CPU.ActiveCfg = Debug|Any CPU
		{C629F22F-2110-460D-A8E0-ADEEACE0CEEF}.Debug|Any CPU.Build.0 = Debug|Any CPU
		{C629F22F-2110-460D-A8E0-ADEEACE0CEEF}.Release|Any CPU.ActiveCfg = Release|Any CPU
		{C629F22F-2110-460D-A8E0-ADEEACE0CEEF}.Release|Any CPU.Build.0 = Release|Any CPU
	EndGlobalSection
	GlobalSection(SolutionProperties) = preSolution
		HideSolutionNode = FALSE
	EndGlobalSection
	GlobalSection(ExtensibilityGlobals) = postSolution
		SolutionGuid = {C33A9E65-9866-4340-988E-AAC19789B28A}
	EndGlobalSection
EndGlobal
